
Microsoft Visual Studio Solution File, Format Version 12.00
# Visual Studio Version 17
VisualStudioVersion = 17.0.31903.59
MinimumVisualStudioVersion = 10.0.40219.1
Project("{2150E333-8FDC-42A3-9474-1A3956D46DE8}") = "src", "src", "{827E0CD3-B72D-47B6-A68D-7590B98EB39B}"
EndProject
Project("{FAE04EC0-301F-11D3-BF4B-00C04F79EFBC}") = "Runner", "src\Runner\Runner.csproj", "{AA5B1F0E-F8E8-4BAA-8D0E-E098B3260C8D}"
EndProject
Project("{FAE04EC0-301F-11D3-BF4B-00C04F79EFBC}") = "Tasks.Common", "src\Tasks.Common\Tasks.Common.csproj", "{7B5A7DCA-6D96-4F7F-9DD8-8404EFD2F47D}"
EndProject
Project("{2150E333-8FDC-42A3-9474-1A3956D46DE8}") = "Tasks", "Tasks", "{0EAE81AC-B663-21D5-F9F1-5E8A35DD955A}"
EndProject
Project("{2150E333-8FDC-42A3-9474-1A3956D46DE8}") = "MathCalculation", "MathCalculation", "{983D9C84-9887-DC46-6625-B2EDE7DF3A75}"
EndProject
Project("{FAE04EC0-301F-11D3-BF4B-00C04F79EFBC}") = "Tasks.MathCalculations", "src\Tasks\MathCalculations\Tasks.MathCalculations.csproj", "{8342199C-F203-4337-A108-C0C734127AFB}"
EndProject
Project("{2150E333-8FDC-42A3-9474-1A3956D46DE8}") = "tests", "tests", "{0AB3BF05-4346-4AA6-1389-037BE0695223}"
EndProject
Project("{FAE04EC0-301F-11D3-BF4B-00C04F79EFBC}") = "Tasks.Tests", "tests\Tasks.Tests\Tasks.Tests.csproj", "{C87AC112-8458-45D2-9BF9-48C6C147210B}"
EndProject
Project("{2150E333-8FDC-42A3-9474-1A3956D46DE8}") = "BronzeDigitsCount", "BronzeDigitsCount", "{435F5494-962B-EEA5-3B88-654C46BC00DB}"
EndProject
Project("{FAE04EC0-301F-11D3-BF4B-00C04F79EFBC}") = "Tasks.BronzeDigitsCount", "src\Tasks\BronzeDigitsCount\Tasks.BronzeDigitsCount.csproj", "{FD9E5DC5-0DE9-44FE-ACE2-575E27CAFEB8}"
EndProject
Project("{2150E333-8FDC-42A3-9474-1A3956D46DE8}") = "FlatCount", "FlatCount", "{5DCE1808-218E-ABC4-5002-EF3CD3F70DFA}"
EndProject
Project("{FAE04EC0-301F-11D3-BF4B-00C04F79EFBC}") = "Tasks.FlatCount", "src\Tasks\FlatCount\Tasks.FlatCount.csproj", "{DFBEDB0B-7DCD-4E1B-AF6A-6630C25D0C09}"
EndProject
Project("{2150E333-8FDC-42A3-9474-1A3956D46DE8}") = "MathCalculations2", "MathCalculations2", "{734B0F65-ECE8-AEB7-8480-7A61B75FFA49}"
EndProject
Project("{FAE04EC0-301F-11D3-BF4B-00C04F79EFBC}") = "Tasks.MathCalculations2", "src\Tasks\MathCalculations2\Tasks.MathCalculations2.csproj", "{BCEC2ACD-EA1A-43DA-9DE6-115F342F89A3}"
EndProject
Project("{2150E333-8FDC-42A3-9474-1A3956D46DE8}") = "ClockFace", "ClockFace", "{BC62F030-A324-8595-77B0-64C71E0362A1}"
EndProject
Project("{FAE04EC0-301F-11D3-BF4B-00C04F79EFBC}") = "Tasks.ClockFace", "src\Tasks\ClockFace\Tasks.ClockFace.csproj", "{2433AD61-E3B0-420B-865C-90ABE1576C3D}"
EndProject
Project("{2150E333-8FDC-42A3-9474-1A3956D46DE8}") = "ClockFace2", "ClockFace2", "{3D9E9E0A-89C8-06D1-F216-09C2EFB098FF}"
EndProject
Project("{FAE04EC0-301F-11D3-BF4B-00C04F79EFBC}") = "Tasks.ClockFace2", "src\Tasks\ClockFace2\Tasks.ClockFace2.csproj", "{577C301E-2DCC-47A2-AFB9-EB3053B1C466}"
EndProject
Project("{2150E333-8FDC-42A3-9474-1A3956D46DE8}") = "RomeNumbers", "RomeNumbers", "{888400DB-2452-8D97-EF40-91976480DFB5}"
EndProject
Project("{FAE04EC0-301F-11D3-BF4B-00C04F79EFBC}") = "Tasks.RomeNumbers", "src\Tasks\RomeNumbers\Tasks.RomeNumbers.csproj", "{1979889A-7B23-43FA-A6F3-E3033C4811A8}"
EndProject
Project("{2150E333-8FDC-42A3-9474-1A3956D46DE8}") = "GraphFunctionConsonat", "GraphFunctionConsonat", "{256A05AF-E06A-F7A7-4CE4-992FD05F5A6F}"
EndProject
Project("{FAE04EC0-301F-11D3-BF4B-00C04F79EFBC}") = "Tasks.GraphFunctionConsonat", "src\Tasks\GraphFunctionConsonat\Tasks.GraphFunctionConsonat.csproj", "{D3A75D97-F212-469A-8F60-8414765D9A96}"
EndProject
Project("{2150E333-8FDC-42A3-9474-1A3956D46DE8}") = "GraphFunctionVowel", "GraphFunctionVowel", "{A67060B4-63D5-4467-8BD1-7E3466170250}"
EndProject
Project("{FAE04EC0-301F-11D3-BF4B-00C04F79EFBC}") = "Tasks.GraphFunctionVowel", "src\Tasks\GraphFunctionVowel\Tasks.GraphFunctionVowel.csproj", "{DBF76057-8E81-43F3-8A42-D93C942D42F0}"
EndProject
Project("{2150E333-8FDC-42A3-9474-1A3956D46DE8}") = "Boxes", "Boxes", "{A191EAB4-8A01-86F9-6346-208D4DB95537}"
EndProject
Project("{FAE04EC0-301F-11D3-BF4B-00C04F79EFBC}") = "Tasks.Boxes", "src\Tasks\Boxes\Tasks.Boxes.csproj", "{6B637ED7-9FC2-4920-BED2-D0986D107C46}"
EndProject
Project("{2150E333-8FDC-42A3-9474-1A3956D46DE8}") = "VowelOrConsonant", "VowelOrConsonant", "{BFFA21F6-EB21-AA36-8B03-FB20EAACB210}"
EndProject
Project("{FAE04EC0-301F-11D3-BF4B-00C04F79EFBC}") = "Tasks.VowelOrConsonant", "src\Tasks\VowelOrConsonant\Tasks.VowelOrConsonant.csproj", "{689409AF-FCE2-4C69-A079-5D3E509D817B}"
EndProject
Project("{2150E333-8FDC-42A3-9474-1A3956D46DE8}") = "NumToText", "NumToText", "{7DC5A2F2-88AB-0D8F-651C-05001A4EED5D}"
EndProject
Project("{FAE04EC0-301F-11D3-BF4B-00C04F79EFBC}") = "Tasks.NumToText", "src\Tasks\NumToText\Tasks.NumToText.csproj", "{B3A241B7-9947-4882-B71A-2CB7FEAE59AC}"
EndProject
Project("{2150E333-8FDC-42A3-9474-1A3956D46DE8}") = "WhileCarsDistance", "WhileCarsDistance", "{FBE7AE0C-C095-4D24-D04E-A9EE1DEE87F0}"
EndProject
Project("{FAE04EC0-301F-11D3-BF4B-00C04F79EFBC}") = "Tasks.WhileCarsDistance", "src\Tasks\WhileCarsDistance\Tasks.WhileCarsDistance.csproj", "{55B2322E-0615-4CF6-8AB3-D365820914A3}"
EndProject
Project("{2150E333-8FDC-42A3-9474-1A3956D46DE8}") = "BuildTriangle", "BuildTriangle", "{4B129620-4C57-0855-672C-8E5C0DEAAFDF}"
EndProject
Project("{FAE04EC0-301F-11D3-BF4B-00C04F79EFBC}") = "Tasks.BuildTriangle", "src\Tasks\BuildTriangle\Tasks.BuildTriangle.csproj", "{F39916DF-B23E-4CCC-9CA4-BE3B8B1DF642}"
EndProject
Project("{2150E333-8FDC-42A3-9474-1A3956D46DE8}") = "TrigonometricFunctions", "TrigonometricFunctions", "{8F507166-D526-6FAE-9259-78BE75D5A209}"
EndProject
Project("{FAE04EC0-301F-11D3-BF4B-00C04F79EFBC}") = "Tasks.TrigonometricFunctions", "src\Tasks\TrigonometricFunctions\Tasks.TrigonometricFunctions.csproj", "{ED291B63-EE2A-4190-9B6A-2C49808E9243}"
EndProject
Project("{2150E333-8FDC-42A3-9474-1A3956D46DE8}") = "WhileInput", "WhileInput", "{DE6F5B41-138C-D35D-D8AA-23BDA23EF952}"
EndProject
Project("{FAE04EC0-301F-11D3-BF4B-00C04F79EFBC}") = "Tasks.WhileInput", "src\Tasks\WhileInput\Tasks.WhileInput.csproj", "{5CED1152-CFE6-443E-84B7-29E8EDB960A8}"
EndProject
Project("{2150E333-8FDC-42A3-9474-1A3956D46DE8}") = "ConsoleGraphics", "ConsoleGraphics", "{0A3C50F8-E288-8A04-3FFA-1B99F1CE823D}"
EndProject
Project("{FAE04EC0-301F-11D3-BF4B-00C04F79EFBC}") = "Tasks.ConsoleGraphics", "src\Tasks\ConsoleGraphics\Tasks.ConsoleGraphics.csproj", "{2DCBA1A7-9B9B-4436-AC02-D60992F89D05}"
EndProject
Project("{2150E333-8FDC-42A3-9474-1A3956D46DE8}") = "TheLargestClass", "TheLargestClass", "{D7FC0778-4E2F-7A1C-20BF-E44AACE11656}"
EndProject
Project("{FAE04EC0-301F-11D3-BF4B-00C04F79EFBC}") = "Tasks.TheLargestClass", "src\Tasks\TheLargestClass\Tasks.TheLargestClass.csproj", "{426EB1DF-BA3D-4627-BD05-6B320A99D074}"
EndProject
Project("{2150E333-8FDC-42A3-9474-1A3956D46DE8}") = "SegmentsInTheConsole", "SegmentsInTheConsole", "{946AD608-006D-05E8-8751-ADB7146E86C4}"
EndProject
Project("{FAE04EC0-301F-11D3-BF4B-00C04F79EFBC}") = "Tasks.SegmentsInTheConsole", "src\Tasks\SegmentsInTheConsole\Tasks.SegmentsInTheConsole.csproj", "{8082E3F5-F486-4B4E-B256-E5517B7B5212}"
EndProject
Project("{2150E333-8FDC-42A3-9474-1A3956D46DE8}") = "Numerology", "Numerology", "{A158C136-9F96-0775-C886-03134D5C855A}"
EndProject
Project("{FAE04EC0-301F-11D3-BF4B-00C04F79EFBC}") = "Tasks.Numerology", "src\Tasks\Numerology\Tasks.Numerology.csproj", "{1B752C10-D945-4966-8B86-08D1463B31E0}"
EndProject
Project("{2150E333-8FDC-42A3-9474-1A3956D46DE8}") = "AdditionalTrianglePoint", "AdditionalTrianglePoint", "{DB63C1D4-8813-E176-9D24-C64A9922496E}"
EndProject
Project("{FAE04EC0-301F-11D3-BF4B-00C04F79EFBC}") = "Tasks.AdditionalTrianglePoint", "src\Tasks\AdditionalTrianglePoint\Tasks.AdditionalTrianglePoint.csproj", "{B87CB12E-A682-4D4F-9F6A-E8B79EAABBB5}"
EndProject
Project("{2150E333-8FDC-42A3-9474-1A3956D46DE8}") = "Palindrom", "Palindrom", "{281EF9B6-D2E4-0520-8A6D-F64A4EA32232}"
EndProject
Project("{FAE04EC0-301F-11D3-BF4B-00C04F79EFBC}") = "Tasks.Palindrom", "src\Tasks\Palindrom\Tasks.Palindrom.csproj", "{2B93F748-EEF1-4E18-875F-2D6AB04653B8}"
EndProject
Project("{2150E333-8FDC-42A3-9474-1A3956D46DE8}") = "AimShooting", "AimShooting", "{63200B7F-6523-EE5E-425C-BBCA8F98AC52}"
EndProject
Project("{FAE04EC0-301F-11D3-BF4B-00C04F79EFBC}") = "Tasks.AimShooting", "src\Tasks\AimShooting\Tasks.AimShooting.csproj", "{635C6010-462D-4AB4-8132-5E85CF8ED2AD}"
EndProject
Project("{2150E333-8FDC-42A3-9474-1A3956D46DE8}") = "FilesList", "FilesList", "{370FDA79-78EE-4158-9331-ECE7AE12F810}"
EndProject
Project("{FAE04EC0-301F-11D3-BF4B-00C04F79EFBC}") = "Tasks.FilesList", "src\Tasks\FilesList\Tasks.FilesList.csproj", "{AFA02CA5-B27E-4AEC-83AD-58CB580AEB6D}"
EndProject
Global
	GlobalSection(SolutionConfigurationPlatforms) = preSolution
		Debug|Any CPU = Debug|Any CPU
		Debug|x64 = Debug|x64
		Debug|x86 = Debug|x86
		Release|Any CPU = Release|Any CPU
		Release|x64 = Release|x64
		Release|x86 = Release|x86
	EndGlobalSection
	GlobalSection(ProjectConfigurationPlatforms) = postSolution
		{AA5B1F0E-F8E8-4BAA-8D0E-E098B3260C8D}.Debug|Any CPU.ActiveCfg = Debug|Any CPU
		{AA5B1F0E-F8E8-4BAA-8D0E-E098B3260C8D}.Debug|Any CPU.Build.0 = Debug|Any CPU
		{AA5B1F0E-F8E8-4BAA-8D0E-E098B3260C8D}.Debug|x64.ActiveCfg = Debug|Any CPU
		{AA5B1F0E-F8E8-4BAA-8D0E-E098B3260C8D}.Debug|x64.Build.0 = Debug|Any CPU
		{AA5B1F0E-F8E8-4BAA-8D0E-E098B3260C8D}.Debug|x86.ActiveCfg = Debug|Any CPU
		{AA5B1F0E-F8E8-4BAA-8D0E-E098B3260C8D}.Debug|x86.Build.0 = Debug|Any CPU
		{AA5B1F0E-F8E8-4BAA-8D0E-E098B3260C8D}.Release|Any CPU.ActiveCfg = Release|Any CPU
		{AA5B1F0E-F8E8-4BAA-8D0E-E098B3260C8D}.Release|Any CPU.Build.0 = Release|Any CPU
		{AA5B1F0E-F8E8-4BAA-8D0E-E098B3260C8D}.Release|x64.ActiveCfg = Release|Any CPU
		{AA5B1F0E-F8E8-4BAA-8D0E-E098B3260C8D}.Release|x64.Build.0 = Release|Any CPU
		{AA5B1F0E-F8E8-4BAA-8D0E-E098B3260C8D}.Release|x86.ActiveCfg = Release|Any CPU
		{AA5B1F0E-F8E8-4BAA-8D0E-E098B3260C8D}.Release|x86.Build.0 = Release|Any CPU
		{7B5A7DCA-6D96-4F7F-9DD8-8404EFD2F47D}.Debug|Any CPU.ActiveCfg = Debug|Any CPU
		{7B5A7DCA-6D96-4F7F-9DD8-8404EFD2F47D}.Debug|Any CPU.Build.0 = Debug|Any CPU
		{7B5A7DCA-6D96-4F7F-9DD8-8404EFD2F47D}.Debug|x64.ActiveCfg = Debug|Any CPU
		{7B5A7DCA-6D96-4F7F-9DD8-8404EFD2F47D}.Debug|x64.Build.0 = Debug|Any CPU
		{7B5A7DCA-6D96-4F7F-9DD8-8404EFD2F47D}.Debug|x86.ActiveCfg = Debug|Any CPU
		{7B5A7DCA-6D96-4F7F-9DD8-8404EFD2F47D}.Debug|x86.Build.0 = Debug|Any CPU
		{7B5A7DCA-6D96-4F7F-9DD8-8404EFD2F47D}.Release|Any CPU.ActiveCfg = Release|Any CPU
		{7B5A7DCA-6D96-4F7F-9DD8-8404EFD2F47D}.Release|Any CPU.Build.0 = Release|Any CPU
		{7B5A7DCA-6D96-4F7F-9DD8-8404EFD2F47D}.Release|x64.ActiveCfg = Release|Any CPU
		{7B5A7DCA-6D96-4F7F-9DD8-8404EFD2F47D}.Release|x64.Build.0 = Release|Any CPU
		{7B5A7DCA-6D96-4F7F-9DD8-8404EFD2F47D}.Release|x86.ActiveCfg = Release|Any CPU
		{7B5A7DCA-6D96-4F7F-9DD8-8404EFD2F47D}.Release|x86.Build.0 = Release|Any CPU
		{8342199C-F203-4337-A108-C0C734127AFB}.Debug|Any CPU.ActiveCfg = Debug|Any CPU
		{8342199C-F203-4337-A108-C0C734127AFB}.Debug|Any CPU.Build.0 = Debug|Any CPU
		{8342199C-F203-4337-A108-C0C734127AFB}.Debug|x64.ActiveCfg = Debug|Any CPU
		{8342199C-F203-4337-A108-C0C734127AFB}.Debug|x64.Build.0 = Debug|Any CPU
		{8342199C-F203-4337-A108-C0C734127AFB}.Debug|x86.ActiveCfg = Debug|Any CPU
		{8342199C-F203-4337-A108-C0C734127AFB}.Debug|x86.Build.0 = Debug|Any CPU
		{8342199C-F203-4337-A108-C0C734127AFB}.Release|Any CPU.ActiveCfg = Release|Any CPU
		{8342199C-F203-4337-A108-C0C734127AFB}.Release|Any CPU.Build.0 = Release|Any CPU
		{8342199C-F203-4337-A108-C0C734127AFB}.Release|x64.ActiveCfg = Release|Any CPU
		{8342199C-F203-4337-A108-C0C734127AFB}.Release|x64.Build.0 = Release|Any CPU
		{8342199C-F203-4337-A108-C0C734127AFB}.Release|x86.ActiveCfg = Release|Any CPU
		{8342199C-F203-4337-A108-C0C734127AFB}.Release|x86.Build.0 = Release|Any CPU
		{C87AC112-8458-45D2-9BF9-48C6C147210B}.Debug|Any CPU.ActiveCfg = Debug|Any CPU
		{C87AC112-8458-45D2-9BF9-48C6C147210B}.Debug|Any CPU.Build.0 = Debug|Any CPU
		{C87AC112-8458-45D2-9BF9-48C6C147210B}.Debug|x64.ActiveCfg = Debug|Any CPU
		{C87AC112-8458-45D2-9BF9-48C6C147210B}.Debug|x64.Build.0 = Debug|Any CPU
		{C87AC112-8458-45D2-9BF9-48C6C147210B}.Debug|x86.ActiveCfg = Debug|Any CPU
		{C87AC112-8458-45D2-9BF9-48C6C147210B}.Debug|x86.Build.0 = Debug|Any CPU
		{C87AC112-8458-45D2-9BF9-48C6C147210B}.Release|Any CPU.ActiveCfg = Release|Any CPU
		{C87AC112-8458-45D2-9BF9-48C6C147210B}.Release|Any CPU.Build.0 = Release|Any CPU
		{C87AC112-8458-45D2-9BF9-48C6C147210B}.Release|x64.ActiveCfg = Release|Any CPU
		{C87AC112-8458-45D2-9BF9-48C6C147210B}.Release|x64.Build.0 = Release|Any CPU
		{C87AC112-8458-45D2-9BF9-48C6C147210B}.Release|x86.ActiveCfg = Release|Any CPU
		{C87AC112-8458-45D2-9BF9-48C6C147210B}.Release|x86.Build.0 = Release|Any CPU
		{FD9E5DC5-0DE9-44FE-ACE2-575E27CAFEB8}.Debug|Any CPU.ActiveCfg = Debug|Any CPU
		{FD9E5DC5-0DE9-44FE-ACE2-575E27CAFEB8}.Debug|Any CPU.Build.0 = Debug|Any CPU
		{FD9E5DC5-0DE9-44FE-ACE2-575E27CAFEB8}.Debug|x64.ActiveCfg = Debug|Any CPU
		{FD9E5DC5-0DE9-44FE-ACE2-575E27CAFEB8}.Debug|x64.Build.0 = Debug|Any CPU
		{FD9E5DC5-0DE9-44FE-ACE2-575E27CAFEB8}.Debug|x86.ActiveCfg = Debug|Any CPU
		{FD9E5DC5-0DE9-44FE-ACE2-575E27CAFEB8}.Debug|x86.Build.0 = Debug|Any CPU
		{FD9E5DC5-0DE9-44FE-ACE2-575E27CAFEB8}.Release|Any CPU.ActiveCfg = Release|Any CPU
		{FD9E5DC5-0DE9-44FE-ACE2-575E27CAFEB8}.Release|Any CPU.Build.0 = Release|Any CPU
		{FD9E5DC5-0DE9-44FE-ACE2-575E27CAFEB8}.Release|x64.ActiveCfg = Release|Any CPU
		{FD9E5DC5-0DE9-44FE-ACE2-575E27CAFEB8}.Release|x64.Build.0 = Release|Any CPU
		{FD9E5DC5-0DE9-44FE-ACE2-575E27CAFEB8}.Release|x86.ActiveCfg = Release|Any CPU
		{FD9E5DC5-0DE9-44FE-ACE2-575E27CAFEB8}.Release|x86.Build.0 = Release|Any CPU
		{DFBEDB0B-7DCD-4E1B-AF6A-6630C25D0C09}.Debug|Any CPU.ActiveCfg = Debug|Any CPU
		{DFBEDB0B-7DCD-4E1B-AF6A-6630C25D0C09}.Debug|Any CPU.Build.0 = Debug|Any CPU
		{DFBEDB0B-7DCD-4E1B-AF6A-6630C25D0C09}.Debug|x64.ActiveCfg = Debug|Any CPU
		{DFBEDB0B-7DCD-4E1B-AF6A-6630C25D0C09}.Debug|x64.Build.0 = Debug|Any CPU
		{DFBEDB0B-7DCD-4E1B-AF6A-6630C25D0C09}.Debug|x86.ActiveCfg = Debug|Any CPU
		{DFBEDB0B-7DCD-4E1B-AF6A-6630C25D0C09}.Debug|x86.Build.0 = Debug|Any CPU
		{DFBEDB0B-7DCD-4E1B-AF6A-6630C25D0C09}.Release|Any CPU.ActiveCfg = Release|Any CPU
		{DFBEDB0B-7DCD-4E1B-AF6A-6630C25D0C09}.Release|Any CPU.Build.0 = Release|Any CPU
		{DFBEDB0B-7DCD-4E1B-AF6A-6630C25D0C09}.Release|x64.ActiveCfg = Release|Any CPU
		{DFBEDB0B-7DCD-4E1B-AF6A-6630C25D0C09}.Release|x64.Build.0 = Release|Any CPU
		{DFBEDB0B-7DCD-4E1B-AF6A-6630C25D0C09}.Release|x86.ActiveCfg = Release|Any CPU
		{DFBEDB0B-7DCD-4E1B-AF6A-6630C25D0C09}.Release|x86.Build.0 = Release|Any CPU
		{BCEC2ACD-EA1A-43DA-9DE6-115F342F89A3}.Debug|Any CPU.ActiveCfg = Debug|Any CPU
		{BCEC2ACD-EA1A-43DA-9DE6-115F342F89A3}.Debug|Any CPU.Build.0 = Debug|Any CPU
		{BCEC2ACD-EA1A-43DA-9DE6-115F342F89A3}.Debug|x64.ActiveCfg = Debug|Any CPU
		{BCEC2ACD-EA1A-43DA-9DE6-115F342F89A3}.Debug|x64.Build.0 = Debug|Any CPU
		{BCEC2ACD-EA1A-43DA-9DE6-115F342F89A3}.Debug|x86.ActiveCfg = Debug|Any CPU
		{BCEC2ACD-EA1A-43DA-9DE6-115F342F89A3}.Debug|x86.Build.0 = Debug|Any CPU
		{BCEC2ACD-EA1A-43DA-9DE6-115F342F89A3}.Release|Any CPU.ActiveCfg = Release|Any CPU
		{BCEC2ACD-EA1A-43DA-9DE6-115F342F89A3}.Release|Any CPU.Build.0 = Release|Any CPU
		{BCEC2ACD-EA1A-43DA-9DE6-115F342F89A3}.Release|x64.ActiveCfg = Release|Any CPU
		{BCEC2ACD-EA1A-43DA-9DE6-115F342F89A3}.Release|x64.Build.0 = Release|Any CPU
		{BCEC2ACD-EA1A-43DA-9DE6-115F342F89A3}.Release|x86.ActiveCfg = Release|Any CPU
		{BCEC2ACD-EA1A-43DA-9DE6-115F342F89A3}.Release|x86.Build.0 = Release|Any CPU
		{2433AD61-E3B0-420B-865C-90ABE1576C3D}.Debug|Any CPU.ActiveCfg = Debug|Any CPU
		{2433AD61-E3B0-420B-865C-90ABE1576C3D}.Debug|Any CPU.Build.0 = Debug|Any CPU
		{2433AD61-E3B0-420B-865C-90ABE1576C3D}.Debug|x64.ActiveCfg = Debug|Any CPU
		{2433AD61-E3B0-420B-865C-90ABE1576C3D}.Debug|x64.Build.0 = Debug|Any CPU
		{2433AD61-E3B0-420B-865C-90ABE1576C3D}.Debug|x86.ActiveCfg = Debug|Any CPU
		{2433AD61-E3B0-420B-865C-90ABE1576C3D}.Debug|x86.Build.0 = Debug|Any CPU
		{2433AD61-E3B0-420B-865C-90ABE1576C3D}.Release|Any CPU.ActiveCfg = Release|Any CPU
		{2433AD61-E3B0-420B-865C-90ABE1576C3D}.Release|Any CPU.Build.0 = Release|Any CPU
		{2433AD61-E3B0-420B-865C-90ABE1576C3D}.Release|x64.ActiveCfg = Release|Any CPU
		{2433AD61-E3B0-420B-865C-90ABE1576C3D}.Release|x64.Build.0 = Release|Any CPU
		{2433AD61-E3B0-420B-865C-90ABE1576C3D}.Release|x86.ActiveCfg = Release|Any CPU
		{2433AD61-E3B0-420B-865C-90ABE1576C3D}.Release|x86.Build.0 = Release|Any CPU
		{577C301E-2DCC-47A2-AFB9-EB3053B1C466}.Debug|Any CPU.ActiveCfg = Debug|Any CPU
		{577C301E-2DCC-47A2-AFB9-EB3053B1C466}.Debug|Any CPU.Build.0 = Debug|Any CPU
		{577C301E-2DCC-47A2-AFB9-EB3053B1C466}.Debug|x64.ActiveCfg = Debug|Any CPU
		{577C301E-2DCC-47A2-AFB9-EB3053B1C466}.Debug|x64.Build.0 = Debug|Any CPU
		{577C301E-2DCC-47A2-AFB9-EB3053B1C466}.Debug|x86.ActiveCfg = Debug|Any CPU
		{577C301E-2DCC-47A2-AFB9-EB3053B1C466}.Debug|x86.Build.0 = Debug|Any CPU
		{577C301E-2DCC-47A2-AFB9-EB3053B1C466}.Release|Any CPU.ActiveCfg = Release|Any CPU
		{577C301E-2DCC-47A2-AFB9-EB3053B1C466}.Release|Any CPU.Build.0 = Release|Any CPU
		{577C301E-2DCC-47A2-AFB9-EB3053B1C466}.Release|x64.ActiveCfg = Release|Any CPU
		{577C301E-2DCC-47A2-AFB9-EB3053B1C466}.Release|x64.Build.0 = Release|Any CPU
		{577C301E-2DCC-47A2-AFB9-EB3053B1C466}.Release|x86.ActiveCfg = Release|Any CPU
		{577C301E-2DCC-47A2-AFB9-EB3053B1C466}.Release|x86.Build.0 = Release|Any CPU
		{1979889A-7B23-43FA-A6F3-E3033C4811A8}.Debug|Any CPU.ActiveCfg = Debug|Any CPU
		{1979889A-7B23-43FA-A6F3-E3033C4811A8}.Debug|Any CPU.Build.0 = Debug|Any CPU
		{1979889A-7B23-43FA-A6F3-E3033C4811A8}.Debug|x64.ActiveCfg = Debug|Any CPU
		{1979889A-7B23-43FA-A6F3-E3033C4811A8}.Debug|x64.Build.0 = Debug|Any CPU
		{1979889A-7B23-43FA-A6F3-E3033C4811A8}.Debug|x86.ActiveCfg = Debug|Any CPU
		{1979889A-7B23-43FA-A6F3-E3033C4811A8}.Debug|x86.Build.0 = Debug|Any CPU
		{1979889A-7B23-43FA-A6F3-E3033C4811A8}.Release|Any CPU.ActiveCfg = Release|Any CPU
		{1979889A-7B23-43FA-A6F3-E3033C4811A8}.Release|Any CPU.Build.0 = Release|Any CPU
		{1979889A-7B23-43FA-A6F3-E3033C4811A8}.Release|x64.ActiveCfg = Release|Any CPU
		{1979889A-7B23-43FA-A6F3-E3033C4811A8}.Release|x64.Build.0 = Release|Any CPU
		{1979889A-7B23-43FA-A6F3-E3033C4811A8}.Release|x86.ActiveCfg = Release|Any CPU
		{1979889A-7B23-43FA-A6F3-E3033C4811A8}.Release|x86.Build.0 = Release|Any CPU
		{D3A75D97-F212-469A-8F60-8414765D9A96}.Debug|Any CPU.ActiveCfg = Debug|Any CPU
		{D3A75D97-F212-469A-8F60-8414765D9A96}.Debug|Any CPU.Build.0 = Debug|Any CPU
		{D3A75D97-F212-469A-8F60-8414765D9A96}.Debug|x64.ActiveCfg = Debug|Any CPU
		{D3A75D97-F212-469A-8F60-8414765D9A96}.Debug|x64.Build.0 = Debug|Any CPU
		{D3A75D97-F212-469A-8F60-8414765D9A96}.Debug|x86.ActiveCfg = Debug|Any CPU
		{D3A75D97-F212-469A-8F60-8414765D9A96}.Debug|x86.Build.0 = Debug|Any CPU
		{D3A75D97-F212-469A-8F60-8414765D9A96}.Release|Any CPU.ActiveCfg = Release|Any CPU
		{D3A75D97-F212-469A-8F60-8414765D9A96}.Release|Any CPU.Build.0 = Release|Any CPU
		{D3A75D97-F212-469A-8F60-8414765D9A96}.Release|x64.ActiveCfg = Release|Any CPU
		{D3A75D97-F212-469A-8F60-8414765D9A96}.Release|x64.Build.0 = Release|Any CPU
		{D3A75D97-F212-469A-8F60-8414765D9A96}.Release|x86.ActiveCfg = Release|Any CPU
		{D3A75D97-F212-469A-8F60-8414765D9A96}.Release|x86.Build.0 = Release|Any CPU
		{DBF76057-8E81-43F3-8A42-D93C942D42F0}.Debug|Any CPU.ActiveCfg = Debug|Any CPU
		{DBF76057-8E81-43F3-8A42-D93C942D42F0}.Debug|Any CPU.Build.0 = Debug|Any CPU
		{DBF76057-8E81-43F3-8A42-D93C942D42F0}.Debug|x64.ActiveCfg = Debug|Any CPU
		{DBF76057-8E81-43F3-8A42-D93C942D42F0}.Debug|x64.Build.0 = Debug|Any CPU
		{DBF76057-8E81-43F3-8A42-D93C942D42F0}.Debug|x86.ActiveCfg = Debug|Any CPU
		{DBF76057-8E81-43F3-8A42-D93C942D42F0}.Debug|x86.Build.0 = Debug|Any CPU
		{DBF76057-8E81-43F3-8A42-D93C942D42F0}.Release|Any CPU.ActiveCfg = Release|Any CPU
		{DBF76057-8E81-43F3-8A42-D93C942D42F0}.Release|Any CPU.Build.0 = Release|Any CPU
		{DBF76057-8E81-43F3-8A42-D93C942D42F0}.Release|x64.ActiveCfg = Release|Any CPU
		{DBF76057-8E81-43F3-8A42-D93C942D42F0}.Release|x64.Build.0 = Release|Any CPU
		{DBF76057-8E81-43F3-8A42-D93C942D42F0}.Release|x86.ActiveCfg = Release|Any CPU
		{DBF76057-8E81-43F3-8A42-D93C942D42F0}.Release|x86.Build.0 = Release|Any CPU
		{6B637ED7-9FC2-4920-BED2-D0986D107C46}.Debug|Any CPU.ActiveCfg = Debug|Any CPU
		{6B637ED7-9FC2-4920-BED2-D0986D107C46}.Debug|Any CPU.Build.0 = Debug|Any CPU
		{6B637ED7-9FC2-4920-BED2-D0986D107C46}.Debug|x64.ActiveCfg = Debug|Any CPU
		{6B637ED7-9FC2-4920-BED2-D0986D107C46}.Debug|x64.Build.0 = Debug|Any CPU
		{6B637ED7-9FC2-4920-BED2-D0986D107C46}.Debug|x86.ActiveCfg = Debug|Any CPU
		{6B637ED7-9FC2-4920-BED2-D0986D107C46}.Debug|x86.Build.0 = Debug|Any CPU
		{6B637ED7-9FC2-4920-BED2-D0986D107C46}.Release|Any CPU.ActiveCfg = Release|Any CPU
		{6B637ED7-9FC2-4920-BED2-D0986D107C46}.Release|Any CPU.Build.0 = Release|Any CPU
		{6B637ED7-9FC2-4920-BED2-D0986D107C46}.Release|x64.ActiveCfg = Release|Any CPU
		{6B637ED7-9FC2-4920-BED2-D0986D107C46}.Release|x64.Build.0 = Release|Any CPU
		{6B637ED7-9FC2-4920-BED2-D0986D107C46}.Release|x86.ActiveCfg = Release|Any CPU
		{6B637ED7-9FC2-4920-BED2-D0986D107C46}.Release|x86.Build.0 = Release|Any CPU
		{689409AF-FCE2-4C69-A079-5D3E509D817B}.Debug|Any CPU.ActiveCfg = Debug|Any CPU
		{689409AF-FCE2-4C69-A079-5D3E509D817B}.Debug|Any CPU.Build.0 = Debug|Any CPU
		{689409AF-FCE2-4C69-A079-5D3E509D817B}.Debug|x64.ActiveCfg = Debug|Any CPU
		{689409AF-FCE2-4C69-A079-5D3E509D817B}.Debug|x64.Build.0 = Debug|Any CPU
		{689409AF-FCE2-4C69-A079-5D3E509D817B}.Debug|x86.ActiveCfg = Debug|Any CPU
		{689409AF-FCE2-4C69-A079-5D3E509D817B}.Debug|x86.Build.0 = Debug|Any CPU
		{689409AF-FCE2-4C69-A079-5D3E509D817B}.Release|Any CPU.ActiveCfg = Release|Any CPU
		{689409AF-FCE2-4C69-A079-5D3E509D817B}.Release|Any CPU.Build.0 = Release|Any CPU
		{689409AF-FCE2-4C69-A079-5D3E509D817B}.Release|x64.ActiveCfg = Release|Any CPU
		{689409AF-FCE2-4C69-A079-5D3E509D817B}.Release|x64.Build.0 = Release|Any CPU
		{689409AF-FCE2-4C69-A079-5D3E509D817B}.Release|x86.ActiveCfg = Release|Any CPU
		{689409AF-FCE2-4C69-A079-5D3E509D817B}.Release|x86.Build.0 = Release|Any CPU
		{B3A241B7-9947-4882-B71A-2CB7FEAE59AC}.Debug|Any CPU.ActiveCfg = Debug|Any CPU
		{B3A241B7-9947-4882-B71A-2CB7FEAE59AC}.Debug|Any CPU.Build.0 = Debug|Any CPU
		{B3A241B7-9947-4882-B71A-2CB7FEAE59AC}.Debug|x64.ActiveCfg = Debug|Any CPU
		{B3A241B7-9947-4882-B71A-2CB7FEAE59AC}.Debug|x64.Build.0 = Debug|Any CPU
		{B3A241B7-9947-4882-B71A-2CB7FEAE59AC}.Debug|x86.ActiveCfg = Debug|Any CPU
		{B3A241B7-9947-4882-B71A-2CB7FEAE59AC}.Debug|x86.Build.0 = Debug|Any CPU
		{B3A241B7-9947-4882-B71A-2CB7FEAE59AC}.Release|Any CPU.ActiveCfg = Release|Any CPU
		{B3A241B7-9947-4882-B71A-2CB7FEAE59AC}.Release|Any CPU.Build.0 = Release|Any CPU
		{B3A241B7-9947-4882-B71A-2CB7FEAE59AC}.Release|x64.ActiveCfg = Release|Any CPU
		{B3A241B7-9947-4882-B71A-2CB7FEAE59AC}.Release|x64.Build.0 = Release|Any CPU
		{B3A241B7-9947-4882-B71A-2CB7FEAE59AC}.Release|x86.ActiveCfg = Release|Any CPU
		{B3A241B7-9947-4882-B71A-2CB7FEAE59AC}.Release|x86.Build.0 = Release|Any CPU
		{55B2322E-0615-4CF6-8AB3-D365820914A3}.Debug|Any CPU.ActiveCfg = Debug|Any CPU
		{55B2322E-0615-4CF6-8AB3-D365820914A3}.Debug|Any CPU.Build.0 = Debug|Any CPU
		{55B2322E-0615-4CF6-8AB3-D365820914A3}.Debug|x64.ActiveCfg = Debug|Any CPU
		{55B2322E-0615-4CF6-8AB3-D365820914A3}.Debug|x64.Build.0 = Debug|Any CPU
		{55B2322E-0615-4CF6-8AB3-D365820914A3}.Debug|x86.ActiveCfg = Debug|Any CPU
		{55B2322E-0615-4CF6-8AB3-D365820914A3}.Debug|x86.Build.0 = Debug|Any CPU
		{55B2322E-0615-4CF6-8AB3-D365820914A3}.Release|Any CPU.ActiveCfg = Release|Any CPU
		{55B2322E-0615-4CF6-8AB3-D365820914A3}.Release|Any CPU.Build.0 = Release|Any CPU
		{55B2322E-0615-4CF6-8AB3-D365820914A3}.Release|x64.ActiveCfg = Release|Any CPU
		{55B2322E-0615-4CF6-8AB3-D365820914A3}.Release|x64.Build.0 = Release|Any CPU
		{55B2322E-0615-4CF6-8AB3-D365820914A3}.Release|x86.ActiveCfg = Release|Any CPU
		{55B2322E-0615-4CF6-8AB3-D365820914A3}.Release|x86.Build.0 = Release|Any CPU
		{F39916DF-B23E-4CCC-9CA4-BE3B8B1DF642}.Debug|Any CPU.ActiveCfg = Debug|Any CPU
		{F39916DF-B23E-4CCC-9CA4-BE3B8B1DF642}.Debug|Any CPU.Build.0 = Debug|Any CPU
		{F39916DF-B23E-4CCC-9CA4-BE3B8B1DF642}.Debug|x64.ActiveCfg = Debug|Any CPU
		{F39916DF-B23E-4CCC-9CA4-BE3B8B1DF642}.Debug|x64.Build.0 = Debug|Any CPU
		{F39916DF-B23E-4CCC-9CA4-BE3B8B1DF642}.Debug|x86.ActiveCfg = Debug|Any CPU
		{F39916DF-B23E-4CCC-9CA4-BE3B8B1DF642}.Debug|x86.Build.0 = Debug|Any CPU
		{F39916DF-B23E-4CCC-9CA4-BE3B8B1DF642}.Release|Any CPU.ActiveCfg = Release|Any CPU
		{F39916DF-B23E-4CCC-9CA4-BE3B8B1DF642}.Release|Any CPU.Build.0 = Release|Any CPU
		{F39916DF-B23E-4CCC-9CA4-BE3B8B1DF642}.Release|x64.ActiveCfg = Release|Any CPU
		{F39916DF-B23E-4CCC-9CA4-BE3B8B1DF642}.Release|x64.Build.0 = Release|Any CPU
		{F39916DF-B23E-4CCC-9CA4-BE3B8B1DF642}.Release|x86.ActiveCfg = Release|Any CPU
		{F39916DF-B23E-4CCC-9CA4-BE3B8B1DF642}.Release|x86.Build.0 = Release|Any CPU
		{ED291B63-EE2A-4190-9B6A-2C49808E9243}.Debug|Any CPU.ActiveCfg = Debug|Any CPU
		{ED291B63-EE2A-4190-9B6A-2C49808E9243}.Debug|Any CPU.Build.0 = Debug|Any CPU
		{ED291B63-EE2A-4190-9B6A-2C49808E9243}.Debug|x64.ActiveCfg = Debug|Any CPU
		{ED291B63-EE2A-4190-9B6A-2C49808E9243}.Debug|x64.Build.0 = Debug|Any CPU
		{ED291B63-EE2A-4190-9B6A-2C49808E9243}.Debug|x86.ActiveCfg = Debug|Any CPU
		{ED291B63-EE2A-4190-9B6A-2C49808E9243}.Debug|x86.Build.0 = Debug|Any CPU
		{ED291B63-EE2A-4190-9B6A-2C49808E9243}.Release|Any CPU.ActiveCfg = Release|Any CPU
		{ED291B63-EE2A-4190-9B6A-2C49808E9243}.Release|Any CPU.Build.0 = Release|Any CPU
		{ED291B63-EE2A-4190-9B6A-2C49808E9243}.Release|x64.ActiveCfg = Release|Any CPU
		{ED291B63-EE2A-4190-9B6A-2C49808E9243}.Release|x64.Build.0 = Release|Any CPU
		{ED291B63-EE2A-4190-9B6A-2C49808E9243}.Release|x86.ActiveCfg = Release|Any CPU
		{ED291B63-EE2A-4190-9B6A-2C49808E9243}.Release|x86.Build.0 = Release|Any CPU
		{5CED1152-CFE6-443E-84B7-29E8EDB960A8}.Debug|Any CPU.ActiveCfg = Debug|Any CPU
		{5CED1152-CFE6-443E-84B7-29E8EDB960A8}.Debug|Any CPU.Build.0 = Debug|Any CPU
		{5CED1152-CFE6-443E-84B7-29E8EDB960A8}.Debug|x64.ActiveCfg = Debug|Any CPU
		{5CED1152-CFE6-443E-84B7-29E8EDB960A8}.Debug|x64.Build.0 = Debug|Any CPU
		{5CED1152-CFE6-443E-84B7-29E8EDB960A8}.Debug|x86.ActiveCfg = Debug|Any CPU
		{5CED1152-CFE6-443E-84B7-29E8EDB960A8}.Debug|x86.Build.0 = Debug|Any CPU
		{5CED1152-CFE6-443E-84B7-29E8EDB960A8}.Release|Any CPU.ActiveCfg = Release|Any CPU
		{5CED1152-CFE6-443E-84B7-29E8EDB960A8}.Release|Any CPU.Build.0 = Release|Any CPU
		{5CED1152-CFE6-443E-84B7-29E8EDB960A8}.Release|x64.ActiveCfg = Release|Any CPU
		{5CED1152-CFE6-443E-84B7-29E8EDB960A8}.Release|x64.Build.0 = Release|Any CPU
		{5CED1152-CFE6-443E-84B7-29E8EDB960A8}.Release|x86.ActiveCfg = Release|Any CPU
		{5CED1152-CFE6-443E-84B7-29E8EDB960A8}.Release|x86.Build.0 = Release|Any CPU
		{2DCBA1A7-9B9B-4436-AC02-D60992F89D05}.Debug|Any CPU.ActiveCfg = Debug|Any CPU
		{2DCBA1A7-9B9B-4436-AC02-D60992F89D05}.Debug|Any CPU.Build.0 = Debug|Any CPU
		{2DCBA1A7-9B9B-4436-AC02-D60992F89D05}.Debug|x64.ActiveCfg = Debug|Any CPU
		{2DCBA1A7-9B9B-4436-AC02-D60992F89D05}.Debug|x64.Build.0 = Debug|Any CPU
		{2DCBA1A7-9B9B-4436-AC02-D60992F89D05}.Debug|x86.ActiveCfg = Debug|Any CPU
		{2DCBA1A7-9B9B-4436-AC02-D60992F89D05}.Debug|x86.Build.0 = Debug|Any CPU
		{2DCBA1A7-9B9B-4436-AC02-D60992F89D05}.Release|Any CPU.ActiveCfg = Release|Any CPU
		{2DCBA1A7-9B9B-4436-AC02-D60992F89D05}.Release|Any CPU.Build.0 = Release|Any CPU
		{2DCBA1A7-9B9B-4436-AC02-D60992F89D05}.Release|x64.ActiveCfg = Release|Any CPU
		{2DCBA1A7-9B9B-4436-AC02-D60992F89D05}.Release|x64.Build.0 = Release|Any CPU
		{2DCBA1A7-9B9B-4436-AC02-D60992F89D05}.Release|x86.ActiveCfg = Release|Any CPU
		{2DCBA1A7-9B9B-4436-AC02-D60992F89D05}.Release|x86.Build.0 = Release|Any CPU
		{426EB1DF-BA3D-4627-BD05-6B320A99D074}.Debug|Any CPU.ActiveCfg = Debug|Any CPU
		{426EB1DF-BA3D-4627-BD05-6B320A99D074}.Debug|Any CPU.Build.0 = Debug|Any CPU
		{426EB1DF-BA3D-4627-BD05-6B320A99D074}.Debug|x64.ActiveCfg = Debug|Any CPU
		{426EB1DF-BA3D-4627-BD05-6B320A99D074}.Debug|x64.Build.0 = Debug|Any CPU
		{426EB1DF-BA3D-4627-BD05-6B320A99D074}.Debug|x86.ActiveCfg = Debug|Any CPU
		{426EB1DF-BA3D-4627-BD05-6B320A99D074}.Debug|x86.Build.0 = Debug|Any CPU
		{426EB1DF-BA3D-4627-BD05-6B320A99D074}.Release|Any CPU.ActiveCfg = Release|Any CPU
		{426EB1DF-BA3D-4627-BD05-6B320A99D074}.Release|Any CPU.Build.0 = Release|Any CPU
		{426EB1DF-BA3D-4627-BD05-6B320A99D074}.Release|x64.ActiveCfg = Release|Any CPU
		{426EB1DF-BA3D-4627-BD05-6B320A99D074}.Release|x64.Build.0 = Release|Any CPU
		{426EB1DF-BA3D-4627-BD05-6B320A99D074}.Release|x86.ActiveCfg = Release|Any CPU
		{426EB1DF-BA3D-4627-BD05-6B320A99D074}.Release|x86.Build.0 = Release|Any CPU
		{8082E3F5-F486-4B4E-B256-E5517B7B5212}.Debug|Any CPU.ActiveCfg = Debug|Any CPU
		{8082E3F5-F486-4B4E-B256-E5517B7B5212}.Debug|Any CPU.Build.0 = Debug|Any CPU
		{8082E3F5-F486-4B4E-B256-E5517B7B5212}.Debug|x64.ActiveCfg = Debug|Any CPU
		{8082E3F5-F486-4B4E-B256-E5517B7B5212}.Debug|x64.Build.0 = Debug|Any CPU
		{8082E3F5-F486-4B4E-B256-E5517B7B5212}.Debug|x86.ActiveCfg = Debug|Any CPU
		{8082E3F5-F486-4B4E-B256-E5517B7B5212}.Debug|x86.Build.0 = Debug|Any CPU
		{8082E3F5-F486-4B4E-B256-E5517B7B5212}.Release|Any CPU.ActiveCfg = Release|Any CPU
		{8082E3F5-F486-4B4E-B256-E5517B7B5212}.Release|Any CPU.Build.0 = Release|Any CPU
		{8082E3F5-F486-4B4E-B256-E5517B7B5212}.Release|x64.ActiveCfg = Release|Any CPU
		{8082E3F5-F486-4B4E-B256-E5517B7B5212}.Release|x64.Build.0 = Release|Any CPU
		{8082E3F5-F486-4B4E-B256-E5517B7B5212}.Release|x86.ActiveCfg = Release|Any CPU
		{8082E3F5-F486-4B4E-B256-E5517B7B5212}.Release|x86.Build.0 = Release|Any CPU
		{1B752C10-D945-4966-8B86-08D1463B31E0}.Debug|Any CPU.ActiveCfg = Debug|Any CPU
		{1B752C10-D945-4966-8B86-08D1463B31E0}.Debug|Any CPU.Build.0 = Debug|Any CPU
		{1B752C10-D945-4966-8B86-08D1463B31E0}.Debug|x64.ActiveCfg = Debug|Any CPU
		{1B752C10-D945-4966-8B86-08D1463B31E0}.Debug|x64.Build.0 = Debug|Any CPU
		{1B752C10-D945-4966-8B86-08D1463B31E0}.Debug|x86.ActiveCfg = Debug|Any CPU
		{1B752C10-D945-4966-8B86-08D1463B31E0}.Debug|x86.Build.0 = Debug|Any CPU
		{1B752C10-D945-4966-8B86-08D1463B31E0}.Release|Any CPU.ActiveCfg = Release|Any CPU
		{1B752C10-D945-4966-8B86-08D1463B31E0}.Release|Any CPU.Build.0 = Release|Any CPU
		{1B752C10-D945-4966-8B86-08D1463B31E0}.Release|x64.ActiveCfg = Release|Any CPU
		{1B752C10-D945-4966-8B86-08D1463B31E0}.Release|x64.Build.0 = Release|Any CPU
		{1B752C10-D945-4966-8B86-08D1463B31E0}.Release|x86.ActiveCfg = Release|Any CPU
		{1B752C10-D945-4966-8B86-08D1463B31E0}.Release|x86.Build.0 = Release|Any CPU
		{B87CB12E-A682-4D4F-9F6A-E8B79EAABBB5}.Debug|Any CPU.ActiveCfg = Debug|Any CPU
		{B87CB12E-A682-4D4F-9F6A-E8B79EAABBB5}.Debug|Any CPU.Build.0 = Debug|Any CPU
		{B87CB12E-A682-4D4F-9F6A-E8B79EAABBB5}.Debug|x64.ActiveCfg = Debug|Any CPU
		{B87CB12E-A682-4D4F-9F6A-E8B79EAABBB5}.Debug|x64.Build.0 = Debug|Any CPU
		{B87CB12E-A682-4D4F-9F6A-E8B79EAABBB5}.Debug|x86.ActiveCfg = Debug|Any CPU
		{B87CB12E-A682-4D4F-9F6A-E8B79EAABBB5}.Debug|x86.Build.0 = Debug|Any CPU
		{B87CB12E-A682-4D4F-9F6A-E8B79EAABBB5}.Release|Any CPU.ActiveCfg = Release|Any CPU
		{B87CB12E-A682-4D4F-9F6A-E8B79EAABBB5}.Release|Any CPU.Build.0 = Release|Any CPU
		{B87CB12E-A682-4D4F-9F6A-E8B79EAABBB5}.Release|x64.ActiveCfg = Release|Any CPU
		{B87CB12E-A682-4D4F-9F6A-E8B79EAABBB5}.Release|x64.Build.0 = Release|Any CPU
		{B87CB12E-A682-4D4F-9F6A-E8B79EAABBB5}.Release|x86.ActiveCfg = Release|Any CPU
		{B87CB12E-A682-4D4F-9F6A-E8B79EAABBB5}.Release|x86.Build.0 = Release|Any CPU
		{2B93F748-EEF1-4E18-875F-2D6AB04653B8}.Debug|Any CPU.ActiveCfg = Debug|Any CPU
		{2B93F748-EEF1-4E18-875F-2D6AB04653B8}.Debug|Any CPU.Build.0 = Debug|Any CPU
		{2B93F748-EEF1-4E18-875F-2D6AB04653B8}.Debug|x64.ActiveCfg = Debug|Any CPU
		{2B93F748-EEF1-4E18-875F-2D6AB04653B8}.Debug|x64.Build.0 = Debug|Any CPU
		{2B93F748-EEF1-4E18-875F-2D6AB04653B8}.Debug|x86.ActiveCfg = Debug|Any CPU
		{2B93F748-EEF1-4E18-875F-2D6AB04653B8}.Debug|x86.Build.0 = Debug|Any CPU
		{2B93F748-EEF1-4E18-875F-2D6AB04653B8}.Release|Any CPU.ActiveCfg = Release|Any CPU
		{2B93F748-EEF1-4E18-875F-2D6AB04653B8}.Release|Any CPU.Build.0 = Release|Any CPU
		{2B93F748-EEF1-4E18-875F-2D6AB04653B8}.Release|x64.ActiveCfg = Release|Any CPU
		{2B93F748-EEF1-4E18-875F-2D6AB04653B8}.Release|x64.Build.0 = Release|Any CPU
		{2B93F748-EEF1-4E18-875F-2D6AB04653B8}.Release|x86.ActiveCfg = Release|Any CPU
		{2B93F748-EEF1-4E18-875F-2D6AB04653B8}.Release|x86.Build.0 = Release|Any CPU
		{635C6010-462D-4AB4-8132-5E85CF8ED2AD}.Debug|Any CPU.ActiveCfg = Debug|Any CPU
		{635C6010-462D-4AB4-8132-5E85CF8ED2AD}.Debug|Any CPU.Build.0 = Debug|Any CPU
		{635C6010-462D-4AB4-8132-5E85CF8ED2AD}.Debug|x64.ActiveCfg = Debug|Any CPU
		{635C6010-462D-4AB4-8132-5E85CF8ED2AD}.Debug|x64.Build.0 = Debug|Any CPU
		{635C6010-462D-4AB4-8132-5E85CF8ED2AD}.Debug|x86.ActiveCfg = Debug|Any CPU
		{635C6010-462D-4AB4-8132-5E85CF8ED2AD}.Debug|x86.Build.0 = Debug|Any CPU
		{635C6010-462D-4AB4-8132-5E85CF8ED2AD}.Release|Any CPU.ActiveCfg = Release|Any CPU
		{635C6010-462D-4AB4-8132-5E85CF8ED2AD}.Release|Any CPU.Build.0 = Release|Any CPU
		{635C6010-462D-4AB4-8132-5E85CF8ED2AD}.Release|x64.ActiveCfg = Release|Any CPU
		{635C6010-462D-4AB4-8132-5E85CF8ED2AD}.Release|x64.Build.0 = Release|Any CPU
		{635C6010-462D-4AB4-8132-5E85CF8ED2AD}.Release|x86.ActiveCfg = Release|Any CPU
		{635C6010-462D-4AB4-8132-5E85CF8ED2AD}.Release|x86.Build.0 = Release|Any CPU
		{AFA02CA5-B27E-4AEC-83AD-58CB580AEB6D}.Debug|Any CPU.ActiveCfg = Debug|Any CPU
		{AFA02CA5-B27E-4AEC-83AD-58CB580AEB6D}.Debug|Any CPU.Build.0 = Debug|Any CPU
		{AFA02CA5-B27E-4AEC-83AD-58CB580AEB6D}.Debug|x64.ActiveCfg = Debug|Any CPU
		{AFA02CA5-B27E-4AEC-83AD-58CB580AEB6D}.Debug|x64.Build.0 = Debug|Any CPU
		{AFA02CA5-B27E-4AEC-83AD-58CB580AEB6D}.Debug|x86.ActiveCfg = Debug|Any CPU
		{AFA02CA5-B27E-4AEC-83AD-58CB580AEB6D}.Debug|x86.Build.0 = Debug|Any CPU
		{AFA02CA5-B27E-4AEC-83AD-58CB580AEB6D}.Release|Any CPU.ActiveCfg = Release|Any CPU
		{AFA02CA5-B27E-4AEC-83AD-58CB580AEB6D}.Release|Any CPU.Build.0 = Release|Any CPU
		{AFA02CA5-B27E-4AEC-83AD-58CB580AEB6D}.Release|x64.ActiveCfg = Release|Any CPU
		{AFA02CA5-B27E-4AEC-83AD-58CB580AEB6D}.Release|x64.Build.0 = Release|Any CPU
		{AFA02CA5-B27E-4AEC-83AD-58CB580AEB6D}.Release|x86.ActiveCfg = Release|Any CPU
		{AFA02CA5-B27E-4AEC-83AD-58CB580AEB6D}.Release|x86.Build.0 = Release|Any CPU
	EndGlobalSection
	GlobalSection(SolutionProperties) = preSolution
		HideSolutionNode = FALSE
	EndGlobalSection
	GlobalSection(NestedProjects) = preSolution
		{AA5B1F0E-F8E8-4BAA-8D0E-E098B3260C8D} = {827E0CD3-B72D-47B6-A68D-7590B98EB39B}
		{7B5A7DCA-6D96-4F7F-9DD8-8404EFD2F47D} = {827E0CD3-B72D-47B6-A68D-7590B98EB39B}
		{0EAE81AC-B663-21D5-F9F1-5E8A35DD955A} = {827E0CD3-B72D-47B6-A68D-7590B98EB39B}
		{983D9C84-9887-DC46-6625-B2EDE7DF3A75} = {0EAE81AC-B663-21D5-F9F1-5E8A35DD955A}
		{8342199C-F203-4337-A108-C0C734127AFB} = {983D9C84-9887-DC46-6625-B2EDE7DF3A75}
		{C87AC112-8458-45D2-9BF9-48C6C147210B} = {0AB3BF05-4346-4AA6-1389-037BE0695223}
		{435F5494-962B-EEA5-3B88-654C46BC00DB} = {0EAE81AC-B663-21D5-F9F1-5E8A35DD955A}
		{FD9E5DC5-0DE9-44FE-ACE2-575E27CAFEB8} = {435F5494-962B-EEA5-3B88-654C46BC00DB}
		{5DCE1808-218E-ABC4-5002-EF3CD3F70DFA} = {0EAE81AC-B663-21D5-F9F1-5E8A35DD955A}
		{DFBEDB0B-7DCD-4E1B-AF6A-6630C25D0C09} = {5DCE1808-218E-ABC4-5002-EF3CD3F70DFA}
		{734B0F65-ECE8-AEB7-8480-7A61B75FFA49} = {0EAE81AC-B663-21D5-F9F1-5E8A35DD955A}
		{BCEC2ACD-EA1A-43DA-9DE6-115F342F89A3} = {734B0F65-ECE8-AEB7-8480-7A61B75FFA49}
		{BC62F030-A324-8595-77B0-64C71E0362A1} = {0EAE81AC-B663-21D5-F9F1-5E8A35DD955A}
		{2433AD61-E3B0-420B-865C-90ABE1576C3D} = {BC62F030-A324-8595-77B0-64C71E0362A1}
		{3D9E9E0A-89C8-06D1-F216-09C2EFB098FF} = {0EAE81AC-B663-21D5-F9F1-5E8A35DD955A}
		{577C301E-2DCC-47A2-AFB9-EB3053B1C466} = {3D9E9E0A-89C8-06D1-F216-09C2EFB098FF}
		{888400DB-2452-8D97-EF40-91976480DFB5} = {0EAE81AC-B663-21D5-F9F1-5E8A35DD955A}
		{1979889A-7B23-43FA-A6F3-E3033C4811A8} = {888400DB-2452-8D97-EF40-91976480DFB5}
		{256A05AF-E06A-F7A7-4CE4-992FD05F5A6F} = {0EAE81AC-B663-21D5-F9F1-5E8A35DD955A}
		{D3A75D97-F212-469A-8F60-8414765D9A96} = {256A05AF-E06A-F7A7-4CE4-992FD05F5A6F}
		{A67060B4-63D5-4467-8BD1-7E3466170250} = {0EAE81AC-B663-21D5-F9F1-5E8A35DD955A}
		{DBF76057-8E81-43F3-8A42-D93C942D42F0} = {A67060B4-63D5-4467-8BD1-7E3466170250}
		{A191EAB4-8A01-86F9-6346-208D4DB95537} = {0EAE81AC-B663-21D5-F9F1-5E8A35DD955A}
		{6B637ED7-9FC2-4920-BED2-D0986D107C46} = {A191EAB4-8A01-86F9-6346-208D4DB95537}
		{BFFA21F6-EB21-AA36-8B03-FB20EAACB210} = {0EAE81AC-B663-21D5-F9F1-5E8A35DD955A}
		{689409AF-FCE2-4C69-A079-5D3E509D817B} = {BFFA21F6-EB21-AA36-8B03-FB20EAACB210}
		{7DC5A2F2-88AB-0D8F-651C-05001A4EED5D} = {0EAE81AC-B663-21D5-F9F1-5E8A35DD955A}
		{B3A241B7-9947-4882-B71A-2CB7FEAE59AC} = {7DC5A2F2-88AB-0D8F-651C-05001A4EED5D}
		{FBE7AE0C-C095-4D24-D04E-A9EE1DEE87F0} = {0EAE81AC-B663-21D5-F9F1-5E8A35DD955A}
		{55B2322E-0615-4CF6-8AB3-D365820914A3} = {FBE7AE0C-C095-4D24-D04E-A9EE1DEE87F0}
		{4B129620-4C57-0855-672C-8E5C0DEAAFDF} = {0EAE81AC-B663-21D5-F9F1-5E8A35DD955A}
		{F39916DF-B23E-4CCC-9CA4-BE3B8B1DF642} = {4B129620-4C57-0855-672C-8E5C0DEAAFDF}
		{8F507166-D526-6FAE-9259-78BE75D5A209} = {0EAE81AC-B663-21D5-F9F1-5E8A35DD955A}
		{ED291B63-EE2A-4190-9B6A-2C49808E9243} = {8F507166-D526-6FAE-9259-78BE75D5A209}
		{DE6F5B41-138C-D35D-D8AA-23BDA23EF952} = {0EAE81AC-B663-21D5-F9F1-5E8A35DD955A}
		{5CED1152-CFE6-443E-84B7-29E8EDB960A8} = {DE6F5B41-138C-D35D-D8AA-23BDA23EF952}
		{0A3C50F8-E288-8A04-3FFA-1B99F1CE823D} = {0EAE81AC-B663-21D5-F9F1-5E8A35DD955A}
		{2DCBA1A7-9B9B-4436-AC02-D60992F89D05} = {0A3C50F8-E288-8A04-3FFA-1B99F1CE823D}
		{D7FC0778-4E2F-7A1C-20BF-E44AACE11656} = {0EAE81AC-B663-21D5-F9F1-5E8A35DD955A}
		{426EB1DF-BA3D-4627-BD05-6B320A99D074} = {D7FC0778-4E2F-7A1C-20BF-E44AACE11656}
		{946AD608-006D-05E8-8751-ADB7146E86C4} = {0EAE81AC-B663-21D5-F9F1-5E8A35DD955A}
		{8082E3F5-F486-4B4E-B256-E5517B7B5212} = {946AD608-006D-05E8-8751-ADB7146E86C4}
		{A158C136-9F96-0775-C886-03134D5C855A} = {0EAE81AC-B663-21D5-F9F1-5E8A35DD955A}
		{1B752C10-D945-4966-8B86-08D1463B31E0} = {A158C136-9F96-0775-C886-03134D5C855A}
		{DB63C1D4-8813-E176-9D24-C64A9922496E} = {0EAE81AC-B663-21D5-F9F1-5E8A35DD955A}
		{B87CB12E-A682-4D4F-9F6A-E8B79EAABBB5} = {DB63C1D4-8813-E176-9D24-C64A9922496E}
		{281EF9B6-D2E4-0520-8A6D-F64A4EA32232} = {0EAE81AC-B663-21D5-F9F1-5E8A35DD955A}
		{2B93F748-EEF1-4E18-875F-2D6AB04653B8} = {281EF9B6-D2E4-0520-8A6D-F64A4EA32232}
		{63200B7F-6523-EE5E-425C-BBCA8F98AC52} = {0EAE81AC-B663-21D5-F9F1-5E8A35DD955A}
		{635C6010-462D-4AB4-8132-5E85CF8ED2AD} = {63200B7F-6523-EE5E-425C-BBCA8F98AC52}
		{370FDA79-78EE-4158-9331-ECE7AE12F810} = {0EAE81AC-B663-21D5-F9F1-5E8A35DD955A}
		{AFA02CA5-B27E-4AEC-83AD-58CB580AEB6D} = {370FDA79-78EE-4158-9331-ECE7AE12F810}
	EndGlobalSection
EndGlobal
